hash: 6134083763ecd78b95306bf4c8ee7dec45db7b0aeb8bdfc90e4c16e72a716eb1
updated: 2018-01-06T10:01:26.323371+01:00
imports:
- name: github.com/afex/hystrix-go
  version: f118cd938f786d24f46cc307981d8f63b7951020
  subpackages:
  - hystrix
- name: github.com/apache/thrift
  version: 327ebb6c2b6df8bf075da02ef45a2a034e9b79ba
  subpackages:
  - lib/go/thrift
- name: github.com/codahale/hdrhistogram
  version: f8ad88b59a584afeee9d334eff879b104439117b
- name: github.com/DATA-DOG/godog
  version: 4dc98b0e2b130c3c9d06868a050320e5b310d3e7
  subpackages:
  - cmd/godog
  - colors
  - gherkin
- name: github.com/dgrijalva/jwt-go
  version: dbeaa9332f19a944acb5736b4456cfcc02140e29
- name: github.com/go-chi/chi
  version: e83ac2304db3c50cf03d96a2fcd39009d458bc35
- name: github.com/go-chi/jwtauth
  version: 47cdb657f2fe02f5fa86877faf680e177d9aa39a
- name: github.com/go-chi/render
  version: 9f855fadd4b8cde7773f9ef51f6b2705af239519
- name: github.com/gogo/protobuf
  version: 342cbe0a04158f6dcb03ca0079991a51a4248c02
  subpackages:
  - io
- name: github.com/opentracing/basictracer-go
  version: 1b32af207119a14b1b231d451df3ed04a72efebf
- name: github.com/opentracing/opentracing-go
  version: 1949ddbfd147afd4d964a9f00b24eb291e0e7c38
- name: github.com/openzipkin/zipkin-go-opentracing
  version: 45e90b00710a4c34a1a7d8a78d90f9b010b0bd4d
- name: github.com/satori/go.uuid
  version: 879c5887cd475cd7864858769793b2ceb0d44feb
- name: github.com/Shopify/sarama
  version: 3b1b38866a79f06deddf0487d5c27ba0697ccd65
- name: github.com/sirupsen/logrus
  version: d682213848ed68c0a260ca37d6dd5ace8423f5ba
- name: github.com/uber/jaeger-client-go
  version: f54d8ece0a66e3db6a9247e946eb1e2bd79029ea
- name: github.com/uber/jaeger-lib
  version: c48167d9cae5887393dd5e61efd06a4a48b7fbb3
  subpackages:
  - metrics
- name: golang.org/x/crypto
  version: 0fcca4842a8d74bfddc2c96a073bd2a4d2a7a2e8
  subpackages:
  - ssh/terminal
- name: golang.org/x/net
  version: a337091b0525af65de94df2eb7e98bd9962dcbe2
  subpackages:
  - context
- name: gopkg.in/eapache/go-resiliency.v1
  version: 6800482f2c813e689c88b7ed3282262385011890
  subpackages:
  - breaker
- name: sourcegraph.com/sourcegraph/appdash
  version: f9a4336c02542ebbfa01c37949bd7152fb0f659c
testImports: []
