hash: de689b752002d2881156f540c71b5d5b274a0d920d99fdb0cab744a3678456e0
updated: 2017-08-29T23:04:48.399101587+02:00
imports:
- name: github.com/dgrijalva/jwt-go
  version: a539ee1a749a2b895533f979515ac7e6e0f5b650
- name: github.com/go-chi/chi
  version: ba73ba0623af32e4e5f09880177e73bd78d98852
- name: github.com/go-chi/jwtauth
  version: e701090bf80b87b3f81b27edf0559ab044b11181
- name: github.com/satori/go.uuid
  version: 879c5887cd475cd7864858769793b2ceb0d44feb
- name: github.com/sirupsen/logrus
  version: f006c2ac4710855cf0f916dd6b77acf6b048dc6e
- name: golang.org/x/crypto
  version: 81e90905daefcd6fd217b62423c0908922eadb30
  subpackages:
  - ssh/terminal
- name: golang.org/x/sys
  version: ab9e364efd8b52800ff7ee48a9ffba4e0ed78dfb
  subpackages:
  - unix
  - windows
testImports: []
